
Microsoft Visual Studio Solution File, Format Version 12.00
# Visual Studio 2012
Project("{FAE04EC0-301F-11D3-BF4B-00C04F79EFBC}") = "MibDatalayer", "MibDatalayer\MibDatalayer.csproj", "{44840DE6-173D-4433-A80E-376D5962F844}"
EndProject
Project("{FAE04EC0-301F-11D3-BF4B-00C04F79EFBC}") = "Tests", "Tests\Tests.csproj", "{185D45AD-69E7-4C51-AFB7-40A231DBB1A3}"
EndProject
Project("{FAE04EC0-301F-11D3-BF4B-00C04F79EFBC}") = "MibMigrator", "MibMigrator\MibMigrator.csproj", "{DD0C1CD6-CF70-4FF1-BECE-F813D6A58AC8}"
EndProject
Project("{FAE04EC0-301F-11D3-BF4B-00C04F79EFBC}") = "SampleApp", "SampleApp\SampleApp.csproj", "{0E15AE9C-9317-4699-998F-AF7B0D8DB838}"
EndProject
Project("{FAE04EC0-301F-11D3-BF4B-00C04F79EFBC}") = "SampleModel", "SampleModel\SampleModel.csproj", "{1A54DA52-6E86-4473-8C51-774C693B9218}"
EndProject
Project("{FAE04EC0-301F-11D3-BF4B-00C04F79EFBC}") = "SampleDatalayer", "SampleDatalayer\SampleDatalayer.csproj", "{732B8ED8-C5D1-4309-A3C3-032856453816}"
EndProject
Global
	GlobalSection(SolutionConfigurationPlatforms) = preSolution
		Debug|Any CPU = Debug|Any CPU
		Release|Any CPU = Release|Any CPU
	EndGlobalSection
	GlobalSection(ProjectConfigurationPlatforms) = postSolution
		{44840DE6-173D-4433-A80E-376D5962F844}.Debug|Any CPU.ActiveCfg = Debug|Any CPU
		{44840DE6-173D-4433-A80E-376D5962F844}.Debug|Any CPU.Build.0 = Debug|Any CPU
		{44840DE6-173D-4433-A80E-376D5962F844}.Release|Any CPU.ActiveCfg = Release|Any CPU
		{44840DE6-173D-4433-A80E-376D5962F844}.Release|Any CPU.Build.0 = Release|Any CPU
		{185D45AD-69E7-4C51-AFB7-40A231DBB1A3}.Debug|Any CPU.ActiveCfg = Debug|Any CPU
		{185D45AD-69E7-4C51-AFB7-40A231DBB1A3}.Debug|Any CPU.Build.0 = Debug|Any CPU
		{185D45AD-69E7-4C51-AFB7-40A231DBB1A3}.Release|Any CPU.ActiveCfg = Release|Any CPU
		{185D45AD-69E7-4C51-AFB7-40A231DBB1A3}.Release|Any CPU.Build.0 = Release|Any CPU
		{DD0C1CD6-CF70-4FF1-BECE-F813D6A58AC8}.Debug|Any CPU.ActiveCfg = Debug|Any CPU
		{DD0C1CD6-CF70-4FF1-BECE-F813D6A58AC8}.Debug|Any CPU.Build.0 = Debug|Any CPU
		{DD0C1CD6-CF70-4FF1-BECE-F813D6A58AC8}.Release|Any CPU.ActiveCfg = Release|Any CPU
		{DD0C1CD6-CF70-4FF1-BECE-F813D6A58AC8}.Release|Any CPU.Build.0 = Release|Any CPU
		{0E15AE9C-9317-4699-998F-AF7B0D8DB838}.Debug|Any CPU.ActiveCfg = Debug|Any CPU
		{0E15AE9C-9317-4699-998F-AF7B0D8DB838}.Debug|Any CPU.Build.0 = Debug|Any CPU
		{0E15AE9C-9317-4699-998F-AF7B0D8DB838}.Release|Any CPU.ActiveCfg = Release|Any CPU
		{0E15AE9C-9317-4699-998F-AF7B0D8DB838}.Release|Any CPU.Build.0 = Release|Any CPU
		{1A54DA52-6E86-4473-8C51-774C693B9218}.Debug|Any CPU.ActiveCfg = Debug|Any CPU
		{1A54DA52-6E86-4473-8C51-774C693B9218}.Debug|Any CPU.Build.0 = Debug|Any CPU
		{1A54DA52-6E86-4473-8C51-774C693B9218}.Release|Any CPU.ActiveCfg = Release|Any CPU
		{1A54DA52-6E86-4473-8C51-774C693B9218}.Release|Any CPU.Build.0 = Release|Any CPU
		{732B8ED8-C5D1-4309-A3C3-032856453816}.Debug|Any CPU.ActiveCfg = Debug|Any CPU
		{732B8ED8-C5D1-4309-A3C3-032856453816}.Debug|Any CPU.Build.0 = Debug|Any CPU
		{732B8ED8-C5D1-4309-A3C3-032856453816}.Release|Any CPU.ActiveCfg = Release|Any CPU
		{732B8ED8-C5D1-4309-A3C3-032856453816}.Release|Any CPU.Build.0 = Release|Any CPU
	EndGlobalSection
	GlobalSection(SolutionProperties) = preSolution
		HideSolutionNode = FALSE
	EndGlobalSection
EndGlobal
